
Microsoft Visual Studio Solution File, Format Version 12.00
# Visual Studio Version 17
VisualStudioVersion = 17.6.33815.320
MinimumVisualStudioVersion = 10.0.40219.1
Project("{FAE04EC0-301F-11D3-BF4B-00C04F79EFBC}") = "S20231109", "S20231109.csproj", "{8E254B81-9077-4AE2-8AF9-A2EA4D18F352}"
EndProject
Global
	GlobalSection(SolutionConfigurationPlatforms) = preSolution
		Debug|Any CPU = Debug|Any CPU
		Release|Any CPU = Release|Any CPU
	EndGlobalSection
	GlobalSection(ProjectConfigurationPlatforms) = postSolution
		{8E254B81-9077-4AE2-8AF9-A2EA4D18F352}.Debug|Any CPU.ActiveCfg = Debug|Any CPU
		{8E254B81-9077-4AE2-8AF9-A2EA4D18F352}.Debug|Any CPU.Build.0 = Debug|Any CPU
		{8E254B81-9077-4AE2-8AF9-A2EA4D18F352}.Release|Any CPU.ActiveCfg = Release|Any CPU
		{8E254B81-9077-4AE2-8AF9-A2EA4D18F352}.Release|Any CPU.Build.0 = Release|Any CPU
	EndGlobalSection
	GlobalSection(SolutionProperties) = preSolution
		HideSolutionNode = FALSE
	EndGlobalSection
	GlobalSection(ExtensibilityGlobals) = postSolution
		SolutionGuid = {8DDE6271-2FD6-481C-A2A1-753AC701743B}
	EndGlobalSection
EndGlobal
